
Microsoft Visual Studio Solution File, Format Version 12.00
# Visual Studio Version 16
VisualStudioVersion = 16.0.31313.79
MinimumVisualStudioVersion = 10.0.40219.1
Project("{FAE04EC0-301F-11D3-BF4B-00C04F79EFBC}") = "AnhThawngs_10119056_DoAn3", "AnhThawngs_10119056_DoAn3\AnhThawngs_10119056_DoAn3.csproj", "{7D5547D9-40AA-49FB-AF2D-BBA8C100737C}"
EndProject
Global
	GlobalSection(SolutionConfigurationPlatforms) = preSolution
		Debug|Any CPU = Debug|Any CPU
		Release|Any CPU = Release|Any CPU
	EndGlobalSection
	GlobalSection(ProjectConfigurationPlatforms) = postSolution
		{7D5547D9-40AA-49FB-AF2D-BBA8C100737C}.Debug|Any CPU.ActiveCfg = Debug|Any CPU
		{7D5547D9-40AA-49FB-AF2D-BBA8C100737C}.Debug|Any CPU.Build.0 = Debug|Any CPU
		{7D5547D9-40AA-49FB-AF2D-BBA8C100737C}.Release|Any CPU.ActiveCfg = Release|Any CPU
		{7D5547D9-40AA-49FB-AF2D-BBA8C100737C}.Release|Any CPU.Build.0 = Release|Any CPU
	EndGlobalSection
	GlobalSection(SolutionProperties) = preSolution
		HideSolutionNode = FALSE
	EndGlobalSection
	GlobalSection(ExtensibilityGlobals) = postSolution
		SolutionGuid = {B9B97D0E-3C0D-4925-AA6B-24509E119639}
	EndGlobalSection
EndGlobal
